
Microsoft Visual Studio Solution File, Format Version 12.00
# Visual Studio Version 16
VisualStudioVersion = 16.0.31424.327
MinimumVisualStudioVersion = 10.0.40219.1
Project("{FAE04EC0-301F-11D3-BF4B-00C04F79EFBC}") = "Contact", "Contact\Contact.csproj", "{C8C04F57-4D06-47AA-A866-D7AB1C292C09}"
EndProject
Global
	GlobalSection(SolutionConfigurationPlatforms) = preSolution
		Debug|Any CPU = Debug|Any CPU
		Release|Any CPU = Release|Any CPU
	EndGlobalSection
	GlobalSection(ProjectConfigurationPlatforms) = postSolution
		{C8C04F57-4D06-47AA-A866-D7AB1C292C09}.Debug|Any CPU.ActiveCfg = Debug|Any CPU
		{C8C04F57-4D06-47AA-A866-D7AB1C292C09}.Debug|Any CPU.Build.0 = Debug|Any CPU
		{C8C04F57-4D06-47AA-A866-D7AB1C292C09}.Release|Any CPU.ActiveCfg = Release|Any CPU
		{C8C04F57-4D06-47AA-A866-D7AB1C292C09}.Release|Any CPU.Build.0 = Release|Any CPU
	EndGlobalSection
	GlobalSection(SolutionProperties) = preSolution
		HideSolutionNode = FALSE
	EndGlobalSection
	GlobalSection(ExtensibilityGlobals) = postSolution
		SolutionGuid = {C4F9987D-F4D4-48BD-B349-2B774206B92B}
	EndGlobalSection
EndGlobal
